
Microsoft Visual Studio Solution File, Format Version 12.00
# Visual Studio Version 17
VisualStudioVersion = 17.0.31903.59
MinimumVisualStudioVersion = 10.0.40219.1
Project("{FAE04EC0-301F-11D3-BF4B-00C04F79EFBC}") = "Ajuma", "Ajuma\Ajuma.csproj", "{11211D51-B05F-49F7-8ADB-E64679728191}"
EndProject
Global
	GlobalSection(SolutionConfigurationPlatforms) = preSolution
		Debug|Any CPU = Debug|Any CPU
		Release|Any CPU = Release|Any CPU
	EndGlobalSection
	GlobalSection(ProjectConfigurationPlatforms) = postSolution
		{11211D51-B05F-49F7-8ADB-E64679728191}.Debug|Any CPU.ActiveCfg = Debug|Any CPU
		{11211D51-B05F-49F7-8ADB-E64679728191}.Debug|Any CPU.Build.0 = Debug|Any CPU
		{11211D51-B05F-49F7-8ADB-E64679728191}.Release|Any CPU.ActiveCfg = Release|Any CPU
		{11211D51-B05F-49F7-8ADB-E64679728191}.Release|Any CPU.Build.0 = Release|Any CPU
	EndGlobalSection
	GlobalSection(SolutionProperties) = preSolution
		HideSolutionNode = FALSE
	EndGlobalSection
	GlobalSection(ExtensibilityGlobals) = postSolution
		SolutionGuid = {A5251B70-A4C0-4BAE-8B11-4D0BBDD0FC97}
	EndGlobalSection
EndGlobal
